
Microsoft Visual Studio Solution File, Format Version 12.00
# Visual Studio 14
VisualStudioVersion = 14.0.24720.0
MinimumVisualStudioVersion = 10.0.40219.1
Project("{FAE04EC0-301F-11D3-BF4B-00C04F79EFBC}") = "JediTournamentConsole", "JediTournamentConsole\JediTournamentConsole.csproj", "{A315FA67-16AA-42D2-AC47-E77B1325AFEE}"
EndProject
Project("{FAE04EC0-301F-11D3-BF4B-00C04F79EFBC}") = "BusinessLayer", "BusinessLayer\BusinessLayer.csproj", "{D895E23C-F912-4450-8915-5A42AA253699}"
EndProject
Project("{FAE04EC0-301F-11D3-BF4B-00C04F79EFBC}") = "StubDataAccessLayer", "StubDataAccessLayer\StubDataAccessLayer.csproj", "{99F5CB04-A610-4BE2-8E2C-FF6ABEB59F32}"
EndProject
Project("{FAE04EC0-301F-11D3-BF4B-00C04F79EFBC}") = "EntitiesLayer", "EntitiesLayer\EntitiesLayer.csproj", "{863F1DDE-0005-4FD1-A933-F3E2A2D3160F}"
EndProject
Project("{FAE04EC0-301F-11D3-BF4B-00C04F79EFBC}") = "JediTournamentWPF", "JediTournamentWPF\JediTournamentWPF.csproj", "{5D2D39BF-3F44-4ED6-BFB6-8F41CCA504DD}"
EndProject
Project("{FAE04EC0-301F-11D3-BF4B-00C04F79EFBC}") = "DataAccessLayer", "DataAccessLayer\DataAccessLayer.csproj", "{5F061032-E077-4ECA-A4BD-1D0DE1FC6627}"
EndProject
Global
	GlobalSection(SolutionConfigurationPlatforms) = preSolution
		Debug|Any CPU = Debug|Any CPU
		Release|Any CPU = Release|Any CPU
	EndGlobalSection
	GlobalSection(ProjectConfigurationPlatforms) = postSolution
		{A315FA67-16AA-42D2-AC47-E77B1325AFEE}.Debug|Any CPU.ActiveCfg = Debug|Any CPU
		{A315FA67-16AA-42D2-AC47-E77B1325AFEE}.Debug|Any CPU.Build.0 = Debug|Any CPU
		{A315FA67-16AA-42D2-AC47-E77B1325AFEE}.Release|Any CPU.ActiveCfg = Release|Any CPU
		{A315FA67-16AA-42D2-AC47-E77B1325AFEE}.Release|Any CPU.Build.0 = Release|Any CPU
		{D895E23C-F912-4450-8915-5A42AA253699}.Debug|Any CPU.ActiveCfg = Debug|Any CPU
		{D895E23C-F912-4450-8915-5A42AA253699}.Debug|Any CPU.Build.0 = Debug|Any CPU
		{D895E23C-F912-4450-8915-5A42AA253699}.Release|Any CPU.ActiveCfg = Release|Any CPU
		{D895E23C-F912-4450-8915-5A42AA253699}.Release|Any CPU.Build.0 = Release|Any CPU
		{99F5CB04-A610-4BE2-8E2C-FF6ABEB59F32}.Debug|Any CPU.ActiveCfg = Debug|Any CPU
		{99F5CB04-A610-4BE2-8E2C-FF6ABEB59F32}.Debug|Any CPU.Build.0 = Debug|Any CPU
		{99F5CB04-A610-4BE2-8E2C-FF6ABEB59F32}.Release|Any CPU.ActiveCfg = Release|Any CPU
		{99F5CB04-A610-4BE2-8E2C-FF6ABEB59F32}.Release|Any CPU.Build.0 = Release|Any CPU
		{863F1DDE-0005-4FD1-A933-F3E2A2D3160F}.Debug|Any CPU.ActiveCfg = Debug|Any CPU
		{863F1DDE-0005-4FD1-A933-F3E2A2D3160F}.Debug|Any CPU.Build.0 = Debug|Any CPU
		{863F1DDE-0005-4FD1-A933-F3E2A2D3160F}.Release|Any CPU.ActiveCfg = Release|Any CPU
		{863F1DDE-0005-4FD1-A933-F3E2A2D3160F}.Release|Any CPU.Build.0 = Release|Any CPU
		{5D2D39BF-3F44-4ED6-BFB6-8F41CCA504DD}.Debug|Any CPU.ActiveCfg = Debug|Any CPU
		{5D2D39BF-3F44-4ED6-BFB6-8F41CCA504DD}.Debug|Any CPU.Build.0 = Debug|Any CPU
		{5D2D39BF-3F44-4ED6-BFB6-8F41CCA504DD}.Release|Any CPU.ActiveCfg = Release|Any CPU
		{5D2D39BF-3F44-4ED6-BFB6-8F41CCA504DD}.Release|Any CPU.Build.0 = Release|Any CPU
		{5F061032-E077-4ECA-A4BD-1D0DE1FC6627}.Debug|Any CPU.ActiveCfg = Debug|Any CPU
		{5F061032-E077-4ECA-A4BD-1D0DE1FC6627}.Debug|Any CPU.Build.0 = Debug|Any CPU
		{5F061032-E077-4ECA-A4BD-1D0DE1FC6627}.Release|Any CPU.ActiveCfg = Release|Any CPU
		{5F061032-E077-4ECA-A4BD-1D0DE1FC6627}.Release|Any CPU.Build.0 = Release|Any CPU
	EndGlobalSection
	GlobalSection(SolutionProperties) = preSolution
		HideSolutionNode = FALSE
	EndGlobalSection
EndGlobal
